// !$*UTF8*$!
{
	archiveVersion = 1;
	classes = {
	};
	objectVersion = 46;
	objects = {

/* Begin PBXBuildFile section */
		8D9003651DB5F8B500084257 /* main.m in Sources */ = {isa = PBXBuildFile; fileRef = 8D9003641DB5F8B500084257 /* main.m */; };
		8D9003681DB5F8B500084257 /* AppDelegate.m in Sources */ = {isa = PBXBuildFile; fileRef = 8D9003671DB5F8B500084257 /* AppDelegate.m */; };
		8D90036E1DB5F8B500084257 /* Main.storyboard in Resources */ = {isa = PBXBuildFile; fileRef = 8D90036C1DB5F8B500084257 /* Main.storyboard */; };
		8D9003701DB5F8B500084257 /* Assets.xcassets in Resources */ = {isa = PBXBuildFile; fileRef = 8D90036F1DB5F8B500084257 /* Assets.xcassets */; };
		8D9003731DB5F8B500084257 /* LaunchScreen.storyboard in Resources */ = {isa = PBXBuildFile; fileRef = 8D9003711DB5F8B500084257 /* LaunchScreen.storyboard */; };
		8D90037E1DB5F8B500084257 /* iOS_CategoryTests.m in Sources */ = {isa = PBXBuildFile; fileRef = 8D90037D1DB5F8B500084257 /* iOS_CategoryTests.m */; };
		8D9003891DB5F8B500084257 /* iOS_CategoryUITests.m in Sources */ = {isa = PBXBuildFile; fileRef = 8D9003881DB5F8B500084257 /* iOS_CategoryUITests.m */; };
		8D9003981DB5F8CB00084257 /* AnimationButton.m in Sources */ = {isa = PBXBuildFile; fileRef = 8D9003971DB5F8CB00084257 /* AnimationButton.m */; };
		8D90039B1DB5F91F00084257 /* ViewController.m in Sources */ = {isa = PBXBuildFile; fileRef = 8D90039A1DB5F91F00084257 /* ViewController.m */; };
/* End PBXBuildFile section */

/* Begin PBXContainerItemProxy section */
		8D90037A1DB5F8B500084257 /* PBXContainerItemProxy */ = {
			isa = PBXContainerItemProxy;
			containerPortal = 8D9003581DB5F8B500084257 /* Project object */;
			proxyType = 1;
			remoteGlobalIDString = 8D90035F1DB5F8B500084257;
			remoteInfo = iOS_Category;
		};
		8D9003851DB5F8B500084257 /* PBXContainerItemProxy */ = {
			isa = PBXContainerItemProxy;
			containerPortal = 8D9003581DB5F8B500084257 /* Project object */;
			proxyType = 1;
			remoteGlobalIDString = 8D90035F1DB5F8B500084257;
			remoteInfo = iOS_Category;
		};
/* End PBXContainerItemProxy section */

/* Begin PBXFileReference section */
		8D9003601DB5F8B500084257 /* iOS_Category.app */ = {isa = PBXFileReference; explicitFileType = wrapper.application; includeInIndex = 0; path = iOS_Category.app; sourceTree = BUILT_PRODUCTS_DIR; };
		8D9003641DB5F8B500084257 /* main.m */ = {isa = PBXFileReference; lastKnownFileType = sourcecode.c.objc; path = main.m; sourceTree = "<group>"; };
		8D9003661DB5F8B500084257 /* AppDelegate.h */ = {isa = PBXFileReference; lastKnownFileType = sourcecode.c.h; path = AppDelegate.h; sourceTree = "<group>"; };
		8D9003671DB5F8B500084257 /* AppDelegate.m */ = {isa = PBXFileReference; lastKnownFileType = sourcecode.c.objc; path = AppDelegate.m; sourceTree = "<group>"; };
		8D90036D1DB5F8B500084257 /* Base */ = {isa = PBXFileReference; lastKnownFileType = file.storyboard; name = Base; path = Base.lproj/Main.storyboard; sourceTree = "<group>"; };
		8D90036F1DB5F8B500084257 /* Assets.xcassets */ = {isa = PBXFileReference; lastKnownFileType = folder.assetcatalog; path = Assets.xcassets; sourceTree = "<group>"; };
		8D9003721DB5F8B500084257 /* Base */ = {isa = PBXFileReference; lastKnownFileType = file.storyboard; name = Base; path = Base.lproj/LaunchScreen.storyboard; sourceTree = "<group>"; };
		8D9003741DB5F8B500084257 /* Info.plist */ = {isa = PBXFileReference; lastKnownFileType = text.plist.xml; path = Info.plist; sourceTree = "<group>"; };
		8D9003791DB5F8B500084257 /* iOS_CategoryTests.xctest */ = {isa = PBXFileReference; explicitFileType = wrapper.cfbundle; includeInIndex = 0; path = iOS_CategoryTests.xctest; sourceTree = BUILT_PRODUCTS_DIR; };
		8D90037D1DB5F8B500084257 /* iOS_CategoryTests.m */ = {isa = PBXFileReference; lastKnownFileType = sourcecode.c.objc; path = iOS_CategoryTests.m; sourceTree = "<group>"; };
		8D90037F1DB5F8B500084257 /* Info.plist */ = {isa = PBXFileReference; lastKnownFileType = text.plist.xml; path = Info.plist; sourceTree = "<group>"; };
		8D9003841DB5F8B500084257 /* iOS_CategoryUITests.xctest */ = {isa = PBXFileReference; explicitFileType = wrapper.cfbundle; includeInIndex = 0; path = iOS_CategoryUITests.xctest; sourceTree = BUILT_PRODUCTS_DIR; };
		8D9003881DB5F8B500084257 /* iOS_CategoryUITests.m */ = {isa = PBXFileReference; lastKnownFileType = sourcecode.c.objc; path = iOS_CategoryUITests.m; sourceTree = "<group>"; };
		8D90038A1DB5F8B500084257 /* Info.plist */ = {isa = PBXFileReference; lastKnownFileType = text.plist.xml; path = Info.plist; sourceTree = "<group>"; };
		8D9003961DB5F8CB00084257 /* AnimationButton.h */ = {isa = PBXFileReference; fileEncoding = 4; lastKnownFileType = sourcecode.c.h; path = AnimationButton.h; sourceTree = "<group>"; };
		8D9003971DB5F8CB00084257 /* AnimationButton.m */ = {isa = PBXFileReference; fileEncoding = 4; lastKnownFileType = sourcecode.c.objc; path = AnimationButton.m; sourceTree = "<group>"; };
		8D9003991DB5F91F00084257 /* ViewController.h */ = {isa = PBXFileReference; fileEncoding = 4; lastKnownFileType = sourcecode.c.h; path = ViewController.h; sourceTree = "<group>"; };
		8D90039A1DB5F91F00084257 /* ViewController.m */ = {isa = PBXFileReference; fileEncoding = 4; lastKnownFileType = sourcecode.c.objc; path = ViewController.m; sourceTree = "<group>"; };
/* End PBXFileReference section */

/* Begin PBXFrameworksBuildPhase section */
		8D90035D1DB5F8B500084257 /* Frameworks */ = {
			isa = PBXFrameworksBuildPhase;
			buildActionMask = 2147483647;
			files = (
			);
			runOnlyForDeploymentPostprocessing = 0;
		};
		8D9003761DB5F8B500084257 /* Frameworks */ = {
			isa = PBXFrameworksBuildPhase;
			buildActionMask = 2147483647;
			files = (
			);
			runOnlyForDeploymentPostprocessing = 0;
		};
		8D9003811DB5F8B500084257 /* Frameworks */ = {
			isa = PBXFrameworksBuildPhase;
			buildActionMask = 2147483647;
			files = (
			);
			runOnlyForDeploymentPostprocessing = 0;
		};
/* End PBXFrameworksBuildPhase section */

/* Begin PBXGroup section */
		8D9003571DB5F8B500084257 = {
			isa = PBXGroup;
			children = (
				8D9003621DB5F8B500084257 /* iOS_Category */,
				8D90037C1DB5F8B500084257 /* iOS_CategoryTests */,
				8D9003871DB5F8B500084257 /* iOS_CategoryUITests */,
				8D9003611DB5F8B500084257 /* Products */,
			);
			sourceTree = "<group>";
		};
		8D9003611DB5F8B500084257 /* Products */ = {
			isa = PBXGroup;
			children = (
				8D9003601DB5F8B500084257 /* iOS_Category.app */,
				8D9003791DB5F8B500084257 /* iOS_CategoryTests.xctest */,
				8D9003841DB5F8B500084257 /* iOS_CategoryUITests.xctest */,
			);
			name = Products;
			sourceTree = "<group>";
		};
		8D9003621DB5F8B500084257 /* iOS_Category */ = {
			isa = PBXGroup;
			children = (
				8D9003961DB5F8CB00084257 /* AnimationButton.h */,
				8D9003971DB5F8CB00084257 /* AnimationButton.m */,
				8D9003991DB5F91F00084257 /* ViewController.h */,
				8D90039A1DB5F91F00084257 /* ViewController.m */,
				8D9003661DB5F8B500084257 /* AppDelegate.h */,
				8D9003671DB5F8B500084257 /* AppDelegate.m */,
				8D90036C1DB5F8B500084257 /* Main.storyboard */,
				8D90036F1DB5F8B500084257 /* Assets.xcassets */,
				8D9003711DB5F8B500084257 /* LaunchScreen.storyboard */,
				8D9003741DB5F8B500084257 /* Info.plist */,
				8D9003631DB5F8B500084257 /* Supporting Files */,
			);
			path = iOS_Category;
			sourceTree = "<group>";
		};
		8D9003631DB5F8B500084257 /* Supporting Files */ = {
			isa = PBXGroup;
			children = (
				8D9003641DB5F8B500084257 /* main.m */,
			);
			name = "Supporting Files";
			sourceTree = "<group>";
		};
		8D90037C1DB5F8B500084257 /* iOS_CategoryTests */ = {
			isa = PBXGroup;
			children = (
				8D90037D1DB5F8B500084257 /* iOS_CategoryTests.m */,
				8D90037F1DB5F8B500084257 /* Info.plist */,
			);
			path = iOS_CategoryTests;
			sourceTree = "<group>";
		};
		8D9003871DB5F8B500084257 /* iOS_CategoryUITests */ = {
			isa = PBXGroup;
			children = (
				8D9003881DB5F8B500084257 /* iOS_CategoryUITests.m */,
				8D90038A1DB5F8B500084257 /* Info.plist */,
			);
			path = iOS_CategoryUITests;
			sourceTree = "<group>";
		};
/* End PBXGroup section */

/* Begin PBXNativeTarget section */
		8D90035F1DB5F8B500084257 /* iOS_Category */ = {
			isa = PBXNativeTarget;
			buildConfigurationList = 8D90038D1DB5F8B500084257 /* Build configuration list for PBXNativeTarget "iOS_Category" */;
			buildPhases = (
				8D90035C1DB5F8B500084257 /* Sources */,
				8D90035D1DB5F8B500084257 /* Frameworks */,
				8D90035E1DB5F8B500084257 /* Resources */,
			);
			buildRules = (
			);
			dependencies = (
			);
			name = iOS_Category;
			productName = iOS_Category;
			productReference = 8D9003601DB5F8B500084257 /* iOS_Category.app */;
			productType = "com.apple.product-type.application";
		};
		8D9003781DB5F8B500084257 /* iOS_CategoryTests */ = {
			isa = PBXNativeTarget;
			buildConfigurationList = 8D9003901DB5F8B500084257 /* Build configuration list for PBXNativeTarget "iOS_CategoryTests" */;
			buildPhases = (
				8D9003751DB5F8B500084257 /* Sources */,
				8D9003761DB5F8B500084257 /* Frameworks */,
				8D9003771DB5F8B500084257 /* Resources */,
			);
			buildRules = (
			);
			dependencies = (
				8D90037B1DB5F8B500084257 /* PBXTargetDependency */,
			);
			name = iOS_CategoryTests;
			productName = iOS_CategoryTests;
			productReference = 8D9003791DB5F8B500084257 /* iOS_CategoryTests.xctest */;
			productType = "com.apple.product-type.bundle.unit-test";
		};
		8D9003831DB5F8B500084257 /* iOS_CategoryUITests */ = {
			isa = PBXNativeTarget;
			buildConfigurationList = 8D9003931DB5F8B500084257 /* Build configuration list for PBXNativeTarget "iOS_CategoryUITests" */;
			buildPhases = (
				8D9003801DB5F8B500084257 /* Sources */,
				8D9003811DB5F8B500084257 /* Frameworks */,
				8D9003821DB5F8B500084257 /* Resources */,
			);
			buildRules = (
			);
			dependencies = (
				8D9003861DB5F8B500084257 /* PBXTargetDependency */,
			);
			name = iOS_CategoryUITests;
			productName = iOS_CategoryUITests;
			productReference = 8D9003841DB5F8B500084257 /* iOS_CategoryUITests.xctest */;
			productType = "com.apple.product-type.bundle.ui-testing";
		};
/* End PBXNativeTarget section */

/* Begin PBXProject section */
		8D9003581DB5F8B500084257 /* Project object */ = {
			isa = PBXProject;
			attributes = {
				LastUpgradeCheck = 0800;
				ORGANIZATIONNAME = "刘璐璐";
				TargetAttributes = {
					8D90035F1DB5F8B500084257 = {
						CreatedOnToolsVersion = 8.0;
						ProvisioningStyle = Automatic;
					};
					8D9003781DB5F8B500084257 = {
						CreatedOnToolsVersion = 8.0;
						ProvisioningStyle = Automatic;
						TestTargetID = 8D90035F1DB5F8B500084257;
					};
					8D9003831DB5F8B500084257 = {
						CreatedOnToolsVersion = 8.0;
						ProvisioningStyle = Automatic;
						TestTargetID = 8D90035F1DB5F8B500084257;
					};
				};
			};
			buildConfigurationList = 8D90035B1DB5F8B500084257 /* Build configuration list for PBXProject "iOS_Category" */;
			compatibilityVersion = "Xcode 3.2";
			developmentRegion = English;
			hasScannedForEncodings = 0;
			knownRegions = (
				en,
				Base,
			);
			mainGroup = 8D9003571DB5F8B500084257;
			productRefGroup = 8D9003611DB5F8B500084257 /* Products */;
			projectDirPath = "";
			projectRoot = "";
			targets = (
				8D90035F1DB5F8B500084257 /* iOS_Category */,
				8D9003781DB5F8B500084257 /* iOS_CategoryTests */,
				8D9003831DB5F8B500084257 /* iOS_CategoryUITests */,
			);
		};
/* End PBXProject section */

/* Begin PBXResourcesBuildPhase section */
		8D90035E1DB5F8B500084257 /* Resources */ = {
			isa = PBXResourcesBuildPhase;
			buildActionMask = 2147483647;
			files = (
				8D9003731DB5F8B500084257 /* LaunchScreen.storyboard in Resources */,
				8D9003701DB5F8B500084257 /* Assets.xcassets in Resources */,
				8D90036E1DB5F8B500084257 /* Main.storyboard in Resources */,
			);
			runOnlyForDeploymentPostprocessing = 0;
		};
		8D9003771DB5F8B500084257 /* Resources */ = {
			isa = PBXResourcesBuildPhase;
			buildActionMask = 2147483647;
			files = (
			);
			runOnlyForDeploymentPostprocessing = 0;
		};
		8D9003821DB5F8B500084257 /* Resources */ = {
			isa = PBXResourcesBuildPhase;
			buildActionMask = 2147483647;
			files = (
			);
			runOnlyForDeploymentPostprocessing = 0;
		};
/* End PBXResourcesBuildPhase section */

/* Begin PBXSourcesBuildPhase section */
		8D90035C1DB5F8B500084257 /* Sources */ = {
			isa = PBXSourcesBuildPhase;
			buildActionMask = 2147483647;
			files = (
				8D9003981DB5F8CB00084257 /* AnimationButton.m in Sources */,
				8D9003681DB5F8B500084257 /* AppDelegate.m in Sources */,
				8D90039B1DB5F91F00084257 /* ViewController.m in Sources */,
				8D9003651DB5F8B500084257 /* main.m in Sources */,
			);
			runOnlyForDeploymentPostprocessing = 0;
		};
		8D9003751DB5F8B500084257 /* Sources */ = {
			isa = PBXSourcesBuildPhase;
			buildActionMask = 2147483647;
			files = (
				8D90037E1DB5F8B500084257 /* iOS_CategoryTests.m in Sources */,
			);
			runOnlyForDeploymentPostprocessing = 0;
		};
		8D9003801DB5F8B500084257 /* Sources */ = {
			isa = PBXSourcesBuildPhase;
			buildActionMask = 2147483647;
			files = (
				8D9003891DB5F8B500084257 /* iOS_CategoryUITests.m in Sources */,
			);
			runOnlyForDeploymentPostprocessing = 0;
		};
/* End PBXSourcesBuildPhase section */

/* Begin PBXTargetDependency section */
		8D90037B1DB5F8B500084257 /* PBXTargetDependency */ = {
			isa = PBXTargetDependency;
			target = 8D90035F1DB5F8B500084257 /* iOS_Category */;
			targetProxy = 8D90037A1DB5F8B500084257 /* PBXContainerItemProxy */;
		};
		8D9003861DB5F8B500084257 /* PBXTargetDependency */ = {
			isa = PBXTargetDependency;
			target = 8D90035F1DB5F8B500084257 /* iOS_Category */;
			targetProxy = 8D9003851DB5F8B500084257 /* PBXContainerItemProxy */;
		};
/* End PBXTargetDependency section */

/* Begin PBXVariantGroup section */
		8D90036C1DB5F8B500084257 /* Main.storyboard */ = {
			isa = PBXVariantGroup;
			children = (
				8D90036D1DB5F8B500084257 /* Base */,
			);
			name = Main.storyboard;
			sourceTree = "<group>";
		};
		8D9003711DB5F8B500084257 /* LaunchScreen.storyboard */ = {
			isa = PBXVariantGroup;
			children = (
				8D9003721DB5F8B500084257 /* Base */,
			);
			name = LaunchScreen.storyboard;
			sourceTree = "<group>";
		};
/* End PBXVariantGroup section */

/* Begin XCBuildConfiguration section */
		8D90038B1DB5F8B500084257 /* Debug */ = {
			isa = XCBuildConfiguration;
			buildSettings = {
				ALWAYS_SEARCH_USER_PATHS = NO;
				CLANG_ANALYZER_NONNULL = YES;
				CLANG_CXX_LANGUAGE_STANDARD = "gnu++0x";
				CLANG_CXX_LIBRARY = "libc++";
				CLANG_ENABLE_MODULES = YES;
				CLANG_ENABLE_OBJC_ARC = YES;
				CLANG_WARN_BOOL_CONVERSION = YES;
				CLANG_WARN_CONSTANT_CONVERSION = YES;
				CLANG_WARN_DIRECT_OBJC_ISA_USAGE = YES_ERROR;
				CLANG_WARN_DOCUMENTATION_COMMENTS = YES;
				CLANG_WARN_EMPTY_BODY = YES;
				CLANG_WARN_ENUM_CONVERSION = YES;
				CLANG_WARN_INFINITE_RECURSION = YES;
				CLANG_WARN_INT_CONVERSION = YES;
				CLANG_WARN_OBJC_ROOT_CLASS = YES_ERROR;
				CLANG_WARN_SUSPICIOUS_MOVES = YES;
				CLANG_WARN_UNREACHABLE_CODE = YES;
				CLANG_WARN__DUPLICATE_METHOD_MATCH = YES;
				"CODE_SIGN_IDENTITY[sdk=iphoneos*]" = "iPhone Developer";
				COPY_PHASE_STRIP = NO;
				DEBUG_INFORMATION_FORMAT = dwarf;
				ENABLE_STRICT_OBJC_MSGSEND = YES;
				ENABLE_TESTABILITY = YES;
				GCC_C_LANGUAGE_STANDARD = gnu99;
				GCC_DYNAMIC_NO_PIC = NO;
				GCC_NO_COMMON_BLOCKS = YES;
				GCC_OPTIMIZATION_LEVEL = 0;
				GCC_PREPROCESSOR_DEFINITIONS = (
					"DEBUG=1",
					"$(inherited)",
				);
				GCC_WARN_64_TO_32_BIT_CONVERSION = YES;
				GCC_WARN_ABOUT_RETURN_TYPE = YES_ERROR;
				GCC_WARN_UNDECLARED_SELECTOR = YES;
				GCC_WARN_UNINITIALIZED_AUTOS = YES_AGGRESSIVE;
				GCC_WARN_UNUSED_FUNCTION = YES;
				GCC_WARN_UNUSED_VARIABLE = YES;
				IPHONEOS_DEPLOYMENT_TARGET = 10.0;
				MTL_ENABLE_DEBUG_INFO = YES;
				ONLY_ACTIVE_ARCH = YES;
				SDKROOT = iphoneos;
				TARGETED_DEVICE_FAMILY = "1,2";
			};
			name = Debug;
		};
		8D90038C1DB5F8B500084257 /* Release */ = {
			isa = XCBuildConfiguration;
			buildSettings = {
				ALWAYS_SEARCH_USER_PATHS = NO;
				CLANG_ANALYZER_NONNULL = YES;
				CLANG_CXX_LANGUAGE_STANDARD = "gnu++0x";
				CLANG_CXX_LIBRARY = "libc++";
				CLANG_ENABLE_MODULES = YES;
				CLANG_ENABLE_OBJC_ARC = YES;
				CLANG_WARN_BOOL_CONVERSION = YES;
				CLANG_WARN_CONSTANT_CONVERSION = YES;
				CLANG_WARN_DIRECT_OBJC_ISA_USAGE = YES_ERROR;
				CLANG_WARN_DOCUMENTATION_COMMENTS = YES;
				CLANG_WARN_EMPTY_BODY = YES;
				CLANG_WARN_ENUM_CONVERSION = YES;
				CLANG_WARN_INFINITE_RECURSION = YES;
				CLANG_WARN_INT_CONVERSION = YES;
				CLANG_WARN_OBJC_ROOT_CLASS = YES_ERROR;
				CLANG_WARN_SUSPICIOUS_MOVES = YES;
				CLANG_WARN_UNREACHABLE_CODE = YES;
				CLANG_WARN__DUPLICATE_METHOD_MATCH = YES;
				"CODE_SIGN_IDENTITY[sdk=iphoneos*]" = "iPhone Developer";
				COPY_PHASE_STRIP = NO;
				DEBUG_INFORMATION_FORMAT = "dwarf-with-dsym";
				ENABLE_NS_ASSERTIONS = NO;
				ENABLE_STRICT_OBJC_MSGSEND = YES;
				GCC_C_LANGUAGE_STANDARD = gnu99;
				GCC_NO_COMMON_BLOCKS = YES;
				GCC_WARN_64_TO_32_BIT_CONVERSION = YES;
				GCC_WARN_ABOUT_RETURN_TYPE = YES_ERROR;
				GCC_WARN_UNDECLARED_SELECTOR = YES;
				GCC_WARN_UNINITIALIZED_AUTOS = YES_AGGRESSIVE;
				GCC_WARN_UNUSED_FUNCTION = YES;
				GCC_WARN_UNUSED_VARIABLE = YES;
				IPHONEOS_DEPLOYMENT_TARGET = 10.0;
				MTL_ENABLE_DEBUG_INFO = NO;
				SDKROOT = iphoneos;
				TARGETED_DEVICE_FAMILY = "1,2";
				VALIDATE_PRODUCT = YES;
			};
			name = Release;
		};
		8D90038E1DB5F8B500084257 /* Debug */ = {
			isa = XCBuildConfiguration;
			buildSettings = {
				ASSETCATALOG_COMPILER_APPICON_NAME = AppIcon;
				INFOPLIST_FILE = iOS_Category/Info.plist;
				IPHONEOS_DEPLOYMENT_TARGET = 8.0;
				LD_RUNPATH_SEARCH_PATHS = "$(inherited) @executable_path/Frameworks";
				PRODUCT_BUNDLE_IDENTIFIER = "llluuu.com.iOS-Category";
				PRODUCT_NAME = "$(TARGET_NAME)";
				TARGETED_DEVICE_FAMILY = 1;
			};
			name = Debug;
		};
		8D90038F1DB5F8B500084257 /* Release */ = {
			isa = XCBuildConfiguration;
			buildSettings = {
				ASSETCATALOG_COMPILER_APPICON_NAME = AppIcon;
				INFOPLIST_FILE = iOS_Category/Info.plist;
				IPHONEOS_DEPLOYMENT_TARGET = 8.0;
				LD_RUNPATH_SEARCH_PATHS = "$(inherited) @executable_path/Frameworks";
				PRODUCT_BUNDLE_IDENTIFIER = "llluuu.com.iOS-Category";
				PRODUCT_NAME = "$(TARGET_NAME)";
				TARGETED_DEVICE_FAMILY = 1;
			};
			name = Release;
		};
		8D9003911DB5F8B500084257 /* Debug */ = {
			isa = XCBuildConfiguration;
			buildSettings = {
				BUNDLE_LOADER = "$(TEST_HOST)";
				INFOPLIST_FILE = iOS_CategoryTests/Info.plist;
				LD_RUNPATH_SEARCH_PATHS = "$(inherited) @executable_path/Frameworks @loader_path/Frameworks";
				PRODUCT_BUNDLE_IDENTIFIER = "llluuu.com.iOS-CategoryTests";
				PRODUCT_NAME = "$(TARGET_NAME)";
				TEST_HOST = "$(BUILT_PRODUCTS_DIR)/iOS_Category.app/iOS_Category";
			};
			name = Debug;
		};
		8D9003921DB5F8B500084257 /* Release */ = {
			isa = XCBuildConfiguration;
			buildSettings = {
				BUNDLE_LOADER = "$(TEST_HOST)";
				INFOPLIST_FILE = iOS_CategoryTests/Info.plist;
				LD_RUNPATH_SEARCH_PATHS = "$(inherited) @executable_path/Frameworks @loader_path/Frameworks";
				PRODUCT_BUNDLE_IDENTIFIER = "llluuu.com.iOS-CategoryTests";
				PRODUCT_NAME = "$(TARGET_NAME)";
				TEST_HOST = "$(BUILT_PRODUCTS_DIR)/iOS_Category.app/iOS_Category";
			};
			name = Release;
		};
		8D9003941DB5F8B500084257 /* Debug */ = {
			isa = XCBuildConfiguration;
			buildSettings = {
				INFOPLIST_FILE = iOS_CategoryUITests/Info.plist;
				LD_RUNPATH_SEARCH_PATHS = "$(inherited) @executable_path/Frameworks @loader_path/Frameworks";
				PRODUCT_BUNDLE_IDENTIFIER = "llluuu.com.iOS-CategoryUITests";
				PRODUCT_NAME = "$(TARGET_NAME)";
				TEST_TARGET_NAME = iOS_Category;
			};
			name = Debug;
		};
		8D9003951DB5F8B500084257 /* Release */ = {
			isa = XCBuildConfiguration;
			buildSettings = {
				INFOPLIST_FILE = iOS_CategoryUITests/Info.plist;
				LD_RUNPATH_SEARCH_PATHS = "$(inherited) @executable_path/Frameworks @loader_path/Frameworks";
				PRODUCT_BUNDLE_IDENTIFIER = "llluuu.com.iOS-CategoryUITests";
				PRODUCT_NAME = "$(TARGET_NAME)";
				TEST_TARGET_NAME = iOS_Category;
			};
			name = Release;
		};
/* End XCBuildConfiguration section */

/* Begin XCConfigurationList section */
		8D90035B1DB5F8B500084257 /* Build configuration list for PBXProject "iOS_Category" */ = {
			isa = XCConfigurationList;
			buildConfigurations = (
				8D90038B1DB5F8B500084257 /* Debug */,
				8D90038C1DB5F8B500084257 /* Release */,
			);
			defaultConfigurationIsVisible = 0;
			defaultConfigurationName = Release;
		};
		8D90038D1DB5F8B500084257 /* Build configuration list for PBXNativeTarget "iOS_Category" */ = {
			isa = XCConfigurationList;
			buildConfigurations = (
				8D90038E1DB5F8B500084257 /* Debug */,
				8D90038F1DB5F8B500084257 /* Release */,
			);
			defaultConfigurationIsVisible = 0;
			defaultConfigurationName = Release;
		};
		8D9003901DB5F8B500084257 /* Build configuration list for PBXNativeTarget "iOS_CategoryTests" */ = {
			isa = XCConfigurationList;
			buildConfigurations = (
				8D9003911DB5F8B500084257 /* Debug */,
				8D9003921DB5F8B500084257 /* Release */,
			);
			defaultConfigurationIsVisible = 0;
			defaultConfigurationName = Release;
		};
		8D9003931DB5F8B500084257 /* Build configuration list for PBXNativeTarget "iOS_CategoryUITests" */ = {
			isa = XCConfigurationList;
			buildConfigurations = (
				8D9003941DB5F8B500084257 /* Debug */,
				8D9003951DB5F8B500084257 /* Release */,
			);
			defaultConfigurationIsVisible = 0;
			defaultConfigurationName = Release;
		};
/* End XCConfigurationList section */
	};
	rootObject = 8D9003581DB5F8B500084257 /* Project object */;
}
